// !$*UTF8*$!
{
	archiveVersion = 1;
	classes = {
	};
	objectVersion = 56;
	objects = {

/* Begin PBXBuildFile section */
		A291D79C2AE521B2003C6072 /* AppDelegate.swift in Sources */ = {isa = PBXBuildFile; fileRef = A291D79B2AE521B2003C6072 /* AppDelegate.swift */; };
		A291D79E2AE521B2003C6072 /* SceneDelegate.swift in Sources */ = {isa = PBXBuildFile; fileRef = A291D79D2AE521B2003C6072 /* SceneDelegate.swift */; };
		A291D7A02AE521B2003C6072 /* MainVC.swift in Sources */ = {isa = PBXBuildFile; fileRef = A291D79F2AE521B2003C6072 /* MainVC.swift */; };
		A291D7A32AE521B2003C6072 /* Main.storyboard in Resources */ = {isa = PBXBuildFile; fileRef = A291D7A12AE521B2003C6072 /* Main.storyboard */; };
		A291D7A62AE521B2003C6072 /* RickAndMorty.xcdatamodeld in Sources */ = {isa = PBXBuildFile; fileRef = A291D7A42AE521B2003C6072 /* RickAndMorty.xcdatamodeld */; };
		A291D7A82AE521B4003C6072 /* Assets.xcassets in Resources */ = {isa = PBXBuildFile; fileRef = A291D7A72AE521B4003C6072 /* Assets.xcassets */; };
		A291D7AB2AE521B4003C6072 /* LaunchScreen.storyboard in Resources */ = {isa = PBXBuildFile; fileRef = A291D7A92AE521B4003C6072 /* LaunchScreen.storyboard */; };
		A291D7B92AE52858003C6072 /* rick&mortyModel.swift in Sources */ = {isa = PBXBuildFile; fileRef = A291D7B82AE52858003C6072 /* rick&mortyModel.swift */; };
		A291D7BC2AE52876003C6072 /* Alamofire in Frameworks */ = {isa = PBXBuildFile; productRef = A291D7BB2AE52876003C6072 /* Alamofire */; };
		A291D7BF2AE52887003C6072 /* Kingfisher in Frameworks */ = {isa = PBXBuildFile; productRef = A291D7BE2AE52887003C6072 /* Kingfisher */; };
		A291D7C22AE528A4003C6072 /* RxSwift in Frameworks */ = {isa = PBXBuildFile; productRef = A291D7C12AE528A4003C6072 /* RxSwift */; };
		A291D7C72AE52F78003C6072 /* SplashViewController.swift in Sources */ = {isa = PBXBuildFile; fileRef = A291D7C62AE52F78003C6072 /* SplashViewController.swift */; };
		A291D7CA2AE554DF003C6072 /* appTheme.swift in Sources */ = {isa = PBXBuildFile; fileRef = A291D7C92AE554DF003C6072 /* appTheme.swift */; };
		A291D7CE2AE5923E003C6072 /* WebService.swift in Sources */ = {isa = PBXBuildFile; fileRef = A291D7CD2AE5923E003C6072 /* WebService.swift */; };
		A291D7D02AE59410003C6072 /* LocationRepo.swift in Sources */ = {isa = PBXBuildFile; fileRef = A291D7CF2AE59410003C6072 /* LocationRepo.swift */; };
		A291D7D22AE59492003C6072 /* LocationViewModel.swift in Sources */ = {isa = PBXBuildFile; fileRef = A291D7D12AE59492003C6072 /* LocationViewModel.swift */; };
		A291D7D42AE65EF1003C6072 /* LocationCollectionViewCell.swift in Sources */ = {isa = PBXBuildFile; fileRef = A291D7D32AE65EF1003C6072 /* LocationCollectionViewCell.swift */; };
		A291D7D62AE96664003C6072 /* CharacterCollectionViewCell.swift in Sources */ = {isa = PBXBuildFile; fileRef = A291D7D52AE96664003C6072 /* CharacterCollectionViewCell.swift */; };
/* End PBXBuildFile section */

/* Begin PBXFileReference section */
		A291D7982AE521B2003C6072 /* RickAndMorty.app */ = {isa = PBXFileReference; explicitFileType = wrapper.application; includeInIndex = 0; path = RickAndMorty.app; sourceTree = BUILT_PRODUCTS_DIR; };
		A291D79B2AE521B2003C6072 /* AppDelegate.swift */ = {isa = PBXFileReference; lastKnownFileType = sourcecode.swift; path = AppDelegate.swift; sourceTree = "<group>"; };
		A291D79D2AE521B2003C6072 /* SceneDelegate.swift */ = {isa = PBXFileReference; lastKnownFileType = sourcecode.swift; path = SceneDelegate.swift; sourceTree = "<group>"; };
		A291D79F2AE521B2003C6072 /* MainVC.swift */ = {isa = PBXFileReference; lastKnownFileType = sourcecode.swift; path = MainVC.swift; sourceTree = "<group>"; };
		A291D7A22AE521B2003C6072 /* Base */ = {isa = PBXFileReference; lastKnownFileType = file.storyboard; name = Base; path = Base.lproj/Main.storyboard; sourceTree = "<group>"; };
		A291D7A52AE521B2003C6072 /* RickAndMorty.xcdatamodel */ = {isa = PBXFileReference; lastKnownFileType = wrapper.xcdatamodel; path = RickAndMorty.xcdatamodel; sourceTree = "<group>"; };
		A291D7A72AE521B4003C6072 /* Assets.xcassets */ = {isa = PBXFileReference; lastKnownFileType = folder.assetcatalog; path = Assets.xcassets; sourceTree = "<group>"; };
		A291D7AA2AE521B4003C6072 /* Base */ = {isa = PBXFileReference; lastKnownFileType = file.storyboard; name = Base; path = Base.lproj/LaunchScreen.storyboard; sourceTree = "<group>"; };
		A291D7AC2AE521B4003C6072 /* Info.plist */ = {isa = PBXFileReference; lastKnownFileType = text.plist.xml; path = Info.plist; sourceTree = "<group>"; };
		A291D7B82AE52858003C6072 /* rick&mortyModel.swift */ = {isa = PBXFileReference; lastKnownFileType = sourcecode.swift; path = "rick&mortyModel.swift"; sourceTree = "<group>"; };
		A291D7C62AE52F78003C6072 /* SplashViewController.swift */ = {isa = PBXFileReference; lastKnownFileType = sourcecode.swift; path = SplashViewController.swift; sourceTree = "<group>"; };
		A291D7C92AE554DF003C6072 /* appTheme.swift */ = {isa = PBXFileReference; lastKnownFileType = sourcecode.swift; path = appTheme.swift; sourceTree = "<group>"; };
		A291D7CD2AE5923E003C6072 /* WebService.swift */ = {isa = PBXFileReference; lastKnownFileType = sourcecode.swift; path = WebService.swift; sourceTree = "<group>"; };
		A291D7CF2AE59410003C6072 /* LocationRepo.swift */ = {isa = PBXFileReference; lastKnownFileType = sourcecode.swift; path = LocationRepo.swift; sourceTree = "<group>"; };
		A291D7D12AE59492003C6072 /* LocationViewModel.swift */ = {isa = PBXFileReference; lastKnownFileType = sourcecode.swift; path = LocationViewModel.swift; sourceTree = "<group>"; };
		A291D7D32AE65EF1003C6072 /* LocationCollectionViewCell.swift */ = {isa = PBXFileReference; lastKnownFileType = sourcecode.swift; path = LocationCollectionViewCell.swift; sourceTree = "<group>"; };
		A291D7D52AE96664003C6072 /* CharacterCollectionViewCell.swift */ = {isa = PBXFileReference; lastKnownFileType = sourcecode.swift; path = CharacterCollectionViewCell.swift; sourceTree = "<group>"; };
/* End PBXFileReference section */

/* Begin PBXFrameworksBuildPhase section */
		A291D7952AE521B2003C6072 /* Frameworks */ = {
			isa = PBXFrameworksBuildPhase;
			buildActionMask = 2147483647;
			files = (
				A291D7C22AE528A4003C6072 /* RxSwift in Frameworks */,
				A291D7BF2AE52887003C6072 /* Kingfisher in Frameworks */,
				A291D7BC2AE52876003C6072 /* Alamofire in Frameworks */,
			);
			runOnlyForDeploymentPostprocessing = 0;
		};
/* End PBXFrameworksBuildPhase section */

/* Begin PBXGroup section */
		A291D78F2AE521B2003C6072 = {
			isa = PBXGroup;
			children = (
				A291D79A2AE521B2003C6072 /* RickAndMorty */,
				A291D7992AE521B2003C6072 /* Products */,
			);
			sourceTree = "<group>";
		};
		A291D7992AE521B2003C6072 /* Products */ = {
			isa = PBXGroup;
			children = (
				A291D7982AE521B2003C6072 /* RickAndMorty.app */,
			);
			name = Products;
			sourceTree = "<group>";
		};
		A291D79A2AE521B2003C6072 /* RickAndMorty */ = {
			isa = PBXGroup;
			children = (
				A291D7C82AE554C4003C6072 /* cons */,
				A291D7C32AE52DE6003C6072 /* ui */,
				A291D7B72AE52755003C6072 /* model */,
				A291D7B62AE52297003C6072 /* repository */,
				A291D7B22AE52230003C6072 /* services */,
				A291D79B2AE521B2003C6072 /* AppDelegate.swift */,
				A291D79D2AE521B2003C6072 /* SceneDelegate.swift */,
				A291D7A12AE521B2003C6072 /* Main.storyboard */,
				A291D7A72AE521B4003C6072 /* Assets.xcassets */,
				A291D7A92AE521B4003C6072 /* LaunchScreen.storyboard */,
				A291D7AC2AE521B4003C6072 /* Info.plist */,
				A291D7A42AE521B2003C6072 /* RickAndMorty.xcdatamodeld */,
			);
			path = RickAndMorty;
			sourceTree = "<group>";
		};
		A291D7B22AE52230003C6072 /* services */ = {
			isa = PBXGroup;
			children = (
				A291D7CD2AE5923E003C6072 /* WebService.swift */,
			);
			path = services;
			sourceTree = "<group>";
		};
		A291D7B42AE52245003C6072 /* viewModel */ = {
			isa = PBXGroup;
			children = (
				A291D7D12AE59492003C6072 /* LocationViewModel.swift */,
			);
			path = viewModel;
			sourceTree = "<group>";
		};
		A291D7B62AE52297003C6072 /* repository */ = {
			isa = PBXGroup;
			children = (
				A291D7CF2AE59410003C6072 /* LocationRepo.swift */,
			);
			path = repository;
			sourceTree = "<group>";
		};
		A291D7B72AE52755003C6072 /* model */ = {
			isa = PBXGroup;
			children = (
				A291D7B82AE52858003C6072 /* rick&mortyModel.swift */,
			);
			path = model;
			sourceTree = "<group>";
		};
		A291D7C32AE52DE6003C6072 /* ui */ = {
			isa = PBXGroup;
			children = (
				A291D7C52AE52E16003C6072 /* cell */,
				A291D7B42AE52245003C6072 /* viewModel */,
				A291D7C42AE52DEB003C6072 /* view */,
			);
			path = ui;
			sourceTree = "<group>";
		};
		A291D7C42AE52DEB003C6072 /* view */ = {
			isa = PBXGroup;
			children = (
				A291D79F2AE521B2003C6072 /* MainVC.swift */,
				A291D7C62AE52F78003C6072 /* SplashViewController.swift */,
			);
			path = view;
			sourceTree = "<group>";
		};
		A291D7C52AE52E16003C6072 /* cell */ = {
			isa = PBXGroup;
			children = (
				A291D7D32AE65EF1003C6072 /* LocationCollectionViewCell.swift */,
				A291D7D52AE96664003C6072 /* CharacterCollectionViewCell.swift */,
			);
			path = cell;
			sourceTree = "<group>";
		};
		A291D7C82AE554C4003C6072 /* cons */ = {
			isa = PBXGroup;
			children = (
				A291D7C92AE554DF003C6072 /* appTheme.swift */,
			);
			path = cons;
			sourceTree = "<group>";
		};
/* End PBXGroup section */

/* Begin PBXNativeTarget section */
		A291D7972AE521B2003C6072 /* RickAndMorty */ = {
			isa = PBXNativeTarget;
			buildConfigurationList = A291D7AF2AE521B4003C6072 /* Build configuration list for PBXNativeTarget "RickAndMorty" */;
			buildPhases = (
				A291D7942AE521B2003C6072 /* Sources */,
				A291D7952AE521B2003C6072 /* Frameworks */,
				A291D7962AE521B2003C6072 /* Resources */,
			);
			buildRules = (
			);
			dependencies = (
			);
			name = RickAndMorty;
			packageProductDependencies = (
				A291D7BB2AE52876003C6072 /* Alamofire */,
				A291D7BE2AE52887003C6072 /* Kingfisher */,
				A291D7C12AE528A4003C6072 /* RxSwift */,
			);
			productName = RickAndMorty;
			productReference = A291D7982AE521B2003C6072 /* RickAndMorty.app */;
			productType = "com.apple.product-type.application";
		};
/* End PBXNativeTarget section */

/* Begin PBXProject section */
		A291D7902AE521B2003C6072 /* Project object */ = {
			isa = PBXProject;
			attributes = {
				BuildIndependentTargetsInParallel = 1;
				LastSwiftUpdateCheck = 1430;
				LastUpgradeCheck = 1430;
				TargetAttributes = {
					A291D7972AE521B2003C6072 = {
						CreatedOnToolsVersion = 14.3.1;
					};
				};
			};
			buildConfigurationList = A291D7932AE521B2003C6072 /* Build configuration list for PBXProject "RickAndMorty" */;
			compatibilityVersion = "Xcode 14.0";
			developmentRegion = en;
			hasScannedForEncodings = 0;
			knownRegions = (
				en,
				Base,
			);
			mainGroup = A291D78F2AE521B2003C6072;
			packageReferences = (
				A291D7BA2AE52876003C6072 /* XCRemoteSwiftPackageReference "Alamofire" */,
				A291D7BD2AE52887003C6072 /* XCRemoteSwiftPackageReference "Kingfisher" */,
				A291D7C02AE528A4003C6072 /* XCRemoteSwiftPackageReference "RxSwift" */,
			);
			productRefGroup = A291D7992AE521B2003C6072 /* Products */;
			projectDirPath = "";
			projectRoot = "";
			targets = (
				A291D7972AE521B2003C6072 /* RickAndMorty */,
			);
		};
/* End PBXProject section */

/* Begin PBXResourcesBuildPhase section */
		A291D7962AE521B2003C6072 /* Resources */ = {
			isa = PBXResourcesBuildPhase;
			buildActionMask = 2147483647;
			files = (
				A291D7AB2AE521B4003C6072 /* LaunchScreen.storyboard in Resources */,
				A291D7A82AE521B4003C6072 /* Assets.xcassets in Resources */,
				A291D7A32AE521B2003C6072 /* Main.storyboard in Resources */,
			);
			runOnlyForDeploymentPostprocessing = 0;
		};
/* End PBXResourcesBuildPhase section */

/* Begin PBXSourcesBuildPhase section */
		A291D7942AE521B2003C6072 /* Sources */ = {
			isa = PBXSourcesBuildPhase;
			buildActionMask = 2147483647;
			files = (
				A291D7D62AE96664003C6072 /* CharacterCollectionViewCell.swift in Sources */,
				A291D7CE2AE5923E003C6072 /* WebService.swift in Sources */,
				A291D7B92AE52858003C6072 /* rick&mortyModel.swift in Sources */,
				A291D7D42AE65EF1003C6072 /* LocationCollectionViewCell.swift in Sources */,
				A291D7CA2AE554DF003C6072 /* appTheme.swift in Sources */,
				A291D7A62AE521B2003C6072 /* RickAndMorty.xcdatamodeld in Sources */,
				A291D7D22AE59492003C6072 /* LocationViewModel.swift in Sources */,
				A291D7A02AE521B2003C6072 /* MainVC.swift in Sources */,
				A291D7D02AE59410003C6072 /* LocationRepo.swift in Sources */,
				A291D7C72AE52F78003C6072 /* SplashViewController.swift in Sources */,
				A291D79C2AE521B2003C6072 /* AppDelegate.swift in Sources */,
				A291D79E2AE521B2003C6072 /* SceneDelegate.swift in Sources */,
			);
			runOnlyForDeploymentPostprocessing = 0;
		};
/* End PBXSourcesBuildPhase section */

/* Begin PBXVariantGroup section */
		A291D7A12AE521B2003C6072 /* Main.storyboard */ = {
			isa = PBXVariantGroup;
			children = (
				A291D7A22AE521B2003C6072 /* Base */,
			);
			name = Main.storyboard;
			sourceTree = "<group>";
		};
		A291D7A92AE521B4003C6072 /* LaunchScreen.storyboard */ = {
			isa = PBXVariantGroup;
			children = (
				A291D7AA2AE521B4003C6072 /* Base */,
			);
			name = LaunchScreen.storyboard;
			sourceTree = "<group>";
		};
/* End PBXVariantGroup section */

/* Begin XCBuildConfiguration section */
		A291D7AD2AE521B4003C6072 /* Debug */ = {
			isa = XCBuildConfiguration;
			buildSettings = {
				ALWAYS_SEARCH_USER_PATHS = NO;
				CLANG_ANALYZER_NONNULL = YES;
				CLANG_ANALYZER_NUMBER_OBJECT_CONVERSION = YES_AGGRESSIVE;
				CLANG_CXX_LANGUAGE_STANDARD = "gnu++20";
				CLANG_ENABLE_MODULES = YES;
				CLANG_ENABLE_OBJC_ARC = YES;
				CLANG_ENABLE_OBJC_WEAK = YES;
				CLANG_WARN_BLOCK_CAPTURE_AUTORELEASING = YES;
				CLANG_WARN_BOOL_CONVERSION = YES;
				CLANG_WARN_COMMA = YES;
				CLANG_WARN_CONSTANT_CONVERSION = YES;
				CLANG_WARN_DEPRECATED_OBJC_IMPLEMENTATIONS = YES;
				CLANG_WARN_DIRECT_OBJC_ISA_USAGE = YES_ERROR;
				CLANG_WARN_DOCUMENTATION_COMMENTS = YES;
				CLANG_WARN_EMPTY_BODY = YES;
				CLANG_WARN_ENUM_CONVERSION = YES;
				CLANG_WARN_INFINITE_RECURSION = YES;
				CLANG_WARN_INT_CONVERSION = YES;
				CLANG_WARN_NON_LITERAL_NULL_CONVERSION = YES;
				CLANG_WARN_OBJC_IMPLICIT_RETAIN_SELF = YES;
				CLANG_WARN_OBJC_LITERAL_CONVERSION = YES;
				CLANG_WARN_OBJC_ROOT_CLASS = YES_ERROR;
				CLANG_WARN_QUOTED_INCLUDE_IN_FRAMEWORK_HEADER = YES;
				CLANG_WARN_RANGE_LOOP_ANALYSIS = YES;
				CLANG_WARN_STRICT_PROTOTYPES = YES;
				CLANG_WARN_SUSPICIOUS_MOVE = YES;
				CLANG_WARN_UNGUARDED_AVAILABILITY = YES_AGGRESSIVE;
				CLANG_WARN_UNREACHABLE_CODE = YES;
				CLANG_WARN__DUPLICATE_METHOD_MATCH = YES;
				COPY_PHASE_STRIP = NO;
				DEBUG_INFORMATION_FORMAT = dwarf;
				ENABLE_STRICT_OBJC_MSGSEND = YES;
				ENABLE_TESTABILITY = YES;
				GCC_C_LANGUAGE_STANDARD = gnu11;
				GCC_DYNAMIC_NO_PIC = NO;
				GCC_NO_COMMON_BLOCKS = YES;
				GCC_OPTIMIZATION_LEVEL = 0;
				GCC_PREPROCESSOR_DEFINITIONS = (
					"DEBUG=1",
					"$(inherited)",
				);
				GCC_WARN_64_TO_32_BIT_CONVERSION = YES;
				GCC_WARN_ABOUT_RETURN_TYPE = YES_ERROR;
				GCC_WARN_UNDECLARED_SELECTOR = YES;
				GCC_WARN_UNINITIALIZED_AUTOS = YES_AGGRESSIVE;
				GCC_WARN_UNUSED_FUNCTION = YES;
				GCC_WARN_UNUSED_VARIABLE = YES;
				IPHONEOS_DEPLOYMENT_TARGET = 16.4;
				MTL_ENABLE_DEBUG_INFO = INCLUDE_SOURCE;
				MTL_FAST_MATH = YES;
				ONLY_ACTIVE_ARCH = YES;
				SDKROOT = iphoneos;
				SWIFT_ACTIVE_COMPILATION_CONDITIONS = DEBUG;
				SWIFT_OPTIMIZATION_LEVEL = "-Onone";
			};
			name = Debug;
		};
		A291D7AE2AE521B4003C6072 /* Release */ = {
			isa = XCBuildConfiguration;
			buildSettings = {
				ALWAYS_SEARCH_USER_PATHS = NO;
				CLANG_ANALYZER_NONNULL = YES;
				CLANG_ANALYZER_NUMBER_OBJECT_CONVERSION = YES_AGGRESSIVE;
				CLANG_CXX_LANGUAGE_STANDARD = "gnu++20";
				CLANG_ENABLE_MODULES = YES;
				CLANG_ENABLE_OBJC_ARC = YES;
				CLANG_ENABLE_OBJC_WEAK = YES;
				CLANG_WARN_BLOCK_CAPTURE_AUTORELEASING = YES;
				CLANG_WARN_BOOL_CONVERSION = YES;
				CLANG_WARN_COMMA = YES;
				CLANG_WARN_CONSTANT_CONVERSION = YES;
				CLANG_WARN_DEPRECATED_OBJC_IMPLEMENTATIONS = YES;
				CLANG_WARN_DIRECT_OBJC_ISA_USAGE = YES_ERROR;
				CLANG_WARN_DOCUMENTATION_COMMENTS = YES;
				CLANG_WARN_EMPTY_BODY = YES;
				CLANG_WARN_ENUM_CONVERSION = YES;
				CLANG_WARN_INFINITE_RECURSION = YES;
				CLANG_WARN_INT_CONVERSION = YES;
				CLANG_WARN_NON_LITERAL_NULL_CONVERSION = YES;
				CLANG_WARN_OBJC_IMPLICIT_RETAIN_SELF = YES;
				CLANG_WARN_OBJC_LITERAL_CONVERSION = YES;
				CLANG_WARN_OBJC_ROOT_CLASS = YES_ERROR;
				CLANG_WARN_QUOTED_INCLUDE_IN_FRAMEWORK_HEADER = YES;
				CLANG_WARN_RANGE_LOOP_ANALYSIS = YES;
				CLANG_WARN_STRICT_PROTOTYPES = YES;
				CLANG_WARN_SUSPICIOUS_MOVE = YES;
				CLANG_WARN_UNGUARDED_AVAILABILITY = YES_AGGRESSIVE;
				CLANG_WARN_UNREACHABLE_CODE = YES;
				CLANG_WARN__DUPLICATE_METHOD_MATCH = YES;
				COPY_PHASE_STRIP = NO;
				DEBUG_INFORMATION_FORMAT = "dwarf-with-dsym";
				ENABLE_NS_ASSERTIONS = NO;
				ENABLE_STRICT_OBJC_MSGSEND = YES;
				GCC_C_LANGUAGE_STANDARD = gnu11;
				GCC_NO_COMMON_BLOCKS = YES;
				GCC_WARN_64_TO_32_BIT_CONVERSION = YES;
				GCC_WARN_ABOUT_RETURN_TYPE = YES_ERROR;
				GCC_WARN_UNDECLARED_SELECTOR = YES;
				GCC_WARN_UNINITIALIZED_AUTOS = YES_AGGRESSIVE;
				GCC_WARN_UNUSED_FUNCTION = YES;
				GCC_WARN_UNUSED_VARIABLE = YES;
				IPHONEOS_DEPLOYMENT_TARGET = 16.4;
				MTL_ENABLE_DEBUG_INFO = NO;
				MTL_FAST_MATH = YES;
				SDKROOT = iphoneos;
				SWIFT_COMPILATION_MODE = wholemodule;
				SWIFT_OPTIMIZATION_LEVEL = "-O";
				VALIDATE_PRODUCT = YES;
			};
			name = Release;
		};
		A291D7B02AE521B4003C6072 /* Debug */ = {
			isa = XCBuildConfiguration;
			buildSettings = {
				ASSETCATALOG_COMPILER_APPICON_NAME = AppIcon;
				ASSETCATALOG_COMPILER_GLOBAL_ACCENT_COLOR_NAME = AccentColor;
				CODE_SIGN_STYLE = Automatic;
				CURRENT_PROJECT_VERSION = 1;
				GENERATE_INFOPLIST_FILE = YES;
				INFOPLIST_FILE = RickAndMorty/Info.plist;
				INFOPLIST_KEY_UIApplicationSupportsIndirectInputEvents = YES;
				INFOPLIST_KEY_UILaunchStoryboardName = LaunchScreen;
				INFOPLIST_KEY_UIMainStoryboardFile = Main;
				INFOPLIST_KEY_UISupportedInterfaceOrientations_iPad = "UIInterfaceOrientationPortrait UIInterfaceOrientationPortraitUpsideDown UIInterfaceOrientationLandscapeLeft UIInterfaceOrientationLandscapeRight";
				INFOPLIST_KEY_UISupportedInterfaceOrientations_iPhone = "UIInterfaceOrientationPortrait UIInterfaceOrientationLandscapeLeft UIInterfaceOrientationLandscapeRight";
				LD_RUNPATH_SEARCH_PATHS = (
					"$(inherited)",
					"@executable_path/Frameworks",
				);
				MARKETING_VERSION = 1.0;
				PRODUCT_BUNDLE_IDENTIFIER = deneme.RickAndMorty;
				PRODUCT_NAME = "$(TARGET_NAME)";
				SWIFT_EMIT_LOC_STRINGS = YES;
				SWIFT_VERSION = 5.0;
				TARGETED_DEVICE_FAMILY = "1,2";
			};
			name = Debug;
		};
		A291D7B12AE521B4003C6072 /* Release */ = {
			isa = XCBuildConfiguration;
			buildSettings = {
				ASSETCATALOG_COMPILER_APPICON_NAME = AppIcon;
				ASSETCATALOG_COMPILER_GLOBAL_ACCENT_COLOR_NAME = AccentColor;
				CODE_SIGN_STYLE = Automatic;
				CURRENT_PROJECT_VERSION = 1;
				GENERATE_INFOPLIST_FILE = YES;
				INFOPLIST_FILE = RickAndMorty/Info.plist;
				INFOPLIST_KEY_UIApplicationSupportsIndirectInputEvents = YES;
				INFOPLIST_KEY_UILaunchStoryboardName = LaunchScreen;
				INFOPLIST_KEY_UIMainStoryboardFile = Main;
				INFOPLIST_KEY_UISupportedInterfaceOrientations_iPad = "UIInterfaceOrientationPortrait UIInterfaceOrientationPortraitUpsideDown UIInterfaceOrientationLandscapeLeft UIInterfaceOrientationLandscapeRight";
				INFOPLIST_KEY_UISupportedInterfaceOrientations_iPhone = "UIInterfaceOrientationPortrait UIInterfaceOrientationLandscapeLeft UIInterfaceOrientationLandscapeRight";
				LD_RUNPATH_SEARCH_PATHS = (
					"$(inherited)",
					"@executable_path/Frameworks",
				);
				MARKETING_VERSION = 1.0;
				PRODUCT_BUNDLE_IDENTIFIER = deneme.RickAndMorty;
				PRODUCT_NAME = "$(TARGET_NAME)";
				SWIFT_EMIT_LOC_STRINGS = YES;
				SWIFT_VERSION = 5.0;
				TARGETED_DEVICE_FAMILY = "1,2";
			};
			name = Release;
		};
/* End XCBuildConfiguration section */

/* Begin XCConfigurationList section */
		A291D7932AE521B2003C6072 /* Build configuration list for PBXProject "RickAndMorty" */ = {
			isa = XCConfigurationList;
			buildConfigurations = (
				A291D7AD2AE521B4003C6072 /* Debug */,
				A291D7AE2AE521B4003C6072 /* Release */,
			);
			defaultConfigurationIsVisible = 0;
			defaultConfigurationName = Release;
		};
		A291D7AF2AE521B4003C6072 /* Build configuration list for PBXNativeTarget "RickAndMorty" */ = {
			isa = XCConfigurationList;
			buildConfigurations = (
				A291D7B02AE521B4003C6072 /* Debug */,
				A291D7B12AE521B4003C6072 /* Release */,
			);
			defaultConfigurationIsVisible = 0;
			defaultConfigurationName = Release;
		};
/* End XCConfigurationList section */

/* Begin XCRemoteSwiftPackageReference section */
		A291D7BA2AE52876003C6072 /* XCRemoteSwiftPackageReference "Alamofire" */ = {
			isa = XCRemoteSwiftPackageReference;
			repositoryURL = "https://github.com/Alamofire/Alamofire.git";
			requirement = {
				kind = upToNextMajorVersion;
				minimumVersion = 5.0.0;
			};
		};
		A291D7BD2AE52887003C6072 /* XCRemoteSwiftPackageReference "Kingfisher" */ = {
			isa = XCRemoteSwiftPackageReference;
			repositoryURL = "https://github.com/onevcat/Kingfisher.git";
			requirement = {
				kind = upToNextMajorVersion;
				minimumVersion = 7.0.0;
			};
		};
		A291D7C02AE528A4003C6072 /* XCRemoteSwiftPackageReference "RxSwift" */ = {
			isa = XCRemoteSwiftPackageReference;
			repositoryURL = "https://github.com/ReactiveX/RxSwift.git";
			requirement = {
				kind = upToNextMajorVersion;
				minimumVersion = 6.0.0;
			};
		};
/* End XCRemoteSwiftPackageReference section */

/* Begin XCSwiftPackageProductDependency section */
		A291D7BB2AE52876003C6072 /* Alamofire */ = {
			isa = XCSwiftPackageProductDependency;
			package = A291D7BA2AE52876003C6072 /* XCRemoteSwiftPackageReference "Alamofire" */;
			productName = Alamofire;
		};
		A291D7BE2AE52887003C6072 /* Kingfisher */ = {
			isa = XCSwiftPackageProductDependency;
			package = A291D7BD2AE52887003C6072 /* XCRemoteSwiftPackageReference "Kingfisher" */;
			productName = Kingfisher;
		};
		A291D7C12AE528A4003C6072 /* RxSwift */ = {
			isa = XCSwiftPackageProductDependency;
			package = A291D7C02AE528A4003C6072 /* XCRemoteSwiftPackageReference "RxSwift" */;
			productName = RxSwift;
		};
/* End XCSwiftPackageProductDependency section */

/* Begin XCVersionGroup section */
		A291D7A42AE521B2003C6072 /* RickAndMorty.xcdatamodeld */ = {
			isa = XCVersionGroup;
			children = (
				A291D7A52AE521B2003C6072 /* RickAndMorty.xcdatamodel */,
			);
			currentVersion = A291D7A52AE521B2003C6072 /* RickAndMorty.xcdatamodel */;
			path = RickAndMorty.xcdatamodeld;
			sourceTree = "<group>";
			versionGroupType = wrapper.xcdatamodel;
		};
/* End XCVersionGroup section */
	};
	rootObject = A291D7902AE521B2003C6072 /* Project object */;
}
